
Microsoft Visual Studio Solution File, Format Version 12.00
# Visual Studio Version 16
VisualStudioVersion = 16.0.33027.164
MinimumVisualStudioVersion = 10.0.40219.1
Project("{FAE04EC0-301F-11D3-BF4B-00C04F79EFBC}") = "Sam", "Sam\Sam.csproj", "{14FCF7ED-2197-481D-BFEF-BBD9AF5DDCE4}"
EndProject
Global
	GlobalSection(SolutionConfigurationPlatforms) = preSolution
		Debug|Any CPU = Debug|Any CPU
		Release|Any CPU = Release|Any CPU
	EndGlobalSection
	GlobalSection(ProjectConfigurationPlatforms) = postSolution
		{14FCF7ED-2197-481D-BFEF-BBD9AF5DDCE4}.Debug|Any CPU.ActiveCfg = Debug|Any CPU
		{14FCF7ED-2197-481D-BFEF-BBD9AF5DDCE4}.Debug|Any CPU.Build.0 = Debug|Any CPU
		{14FCF7ED-2197-481D-BFEF-BBD9AF5DDCE4}.Release|Any CPU.ActiveCfg = Release|Any CPU
		{14FCF7ED-2197-481D-BFEF-BBD9AF5DDCE4}.Release|Any CPU.Build.0 = Release|Any CPU
	EndGlobalSection
	GlobalSection(SolutionProperties) = preSolution
		HideSolutionNode = FALSE
	EndGlobalSection
	GlobalSection(ExtensibilityGlobals) = postSolution
		SolutionGuid = {1F43B931-D774-45D4-A82C-4A3D8037BFD9}
	EndGlobalSection
EndGlobal
